// !$*UTF8*$!
{
	archiveVersion = 1;
	classes = {
	};
	objectVersion = 55;
	objects = {

/* Begin PBXBuildFile section */
		E482F8C22750DD5800E8F40B /* AppDelegate.swift in Sources */ = {isa = PBXBuildFile; fileRef = E482F8C12750DD5800E8F40B /* AppDelegate.swift */; };
		E482F8C42750DD5800E8F40B /* ContentView.swift in Sources */ = {isa = PBXBuildFile; fileRef = E482F8C32750DD5800E8F40B /* ContentView.swift */; };
		E482F8C62750DD5800E8F40B /* Experience.rcproject in Sources */ = {isa = PBXBuildFile; fileRef = E482F8C52750DD5800E8F40B /* Experience.rcproject */; };
		E482F8C82750DD5A00E8F40B /* Assets.xcassets in Resources */ = {isa = PBXBuildFile; fileRef = E482F8C72750DD5A00E8F40B /* Assets.xcassets */; };
		E482F8CB2750DD5A00E8F40B /* Preview Assets.xcassets in Resources */ = {isa = PBXBuildFile; fileRef = E482F8CA2750DD5A00E8F40B /* Preview Assets.xcassets */; };
		E482F8D52750DD5A00E8F40B /* Test_AppTests.swift in Sources */ = {isa = PBXBuildFile; fileRef = E482F8D42750DD5A00E8F40B /* Test_AppTests.swift */; };
		E482F8DF2750DD5A00E8F40B /* Test_AppUITests.swift in Sources */ = {isa = PBXBuildFile; fileRef = E482F8DE2750DD5A00E8F40B /* Test_AppUITests.swift */; };
		E482F8E12750DD5A00E8F40B /* Test_AppUITestsLaunchTests.swift in Sources */ = {isa = PBXBuildFile; fileRef = E482F8E02750DD5A00E8F40B /* Test_AppUITestsLaunchTests.swift */; };
/* End PBXBuildFile section */

/* Begin PBXContainerItemProxy section */
		E482F8D12750DD5A00E8F40B /* PBXContainerItemProxy */ = {
			isa = PBXContainerItemProxy;
			containerPortal = E482F8B62750DD5700E8F40B /* Project object */;
			proxyType = 1;
			remoteGlobalIDString = E482F8BD2750DD5700E8F40B;
			remoteInfo = Test_App;
		};
		E482F8DB2750DD5A00E8F40B /* PBXContainerItemProxy */ = {
			isa = PBXContainerItemProxy;
			containerPortal = E482F8B62750DD5700E8F40B /* Project object */;
			proxyType = 1;
			remoteGlobalIDString = E482F8BD2750DD5700E8F40B;
			remoteInfo = Test_App;
		};
/* End PBXContainerItemProxy section */

/* Begin PBXFileReference section */
		E482F8BE2750DD5700E8F40B /* Test_App.app */ = {isa = PBXFileReference; explicitFileType = wrapper.application; includeInIndex = 0; path = Test_App.app; sourceTree = BUILT_PRODUCTS_DIR; };
		E482F8C12750DD5800E8F40B /* AppDelegate.swift */ = {isa = PBXFileReference; lastKnownFileType = sourcecode.swift; path = AppDelegate.swift; sourceTree = "<group>"; };
		E482F8C32750DD5800E8F40B /* ContentView.swift */ = {isa = PBXFileReference; lastKnownFileType = sourcecode.swift; path = ContentView.swift; sourceTree = "<group>"; };
		E482F8C52750DD5800E8F40B /* Experience.rcproject */ = {isa = PBXFileReference; lastKnownFileType = file.rcproject; path = Experience.rcproject; sourceTree = "<group>"; };
		E482F8C72750DD5A00E8F40B /* Assets.xcassets */ = {isa = PBXFileReference; lastKnownFileType = folder.assetcatalog; path = Assets.xcassets; sourceTree = "<group>"; };
		E482F8CA2750DD5A00E8F40B /* Preview Assets.xcassets */ = {isa = PBXFileReference; lastKnownFileType = folder.assetcatalog; path = "Preview Assets.xcassets"; sourceTree = "<group>"; };
		E482F8D02750DD5A00E8F40B /* Test_AppTests.xctest */ = {isa = PBXFileReference; explicitFileType = wrapper.cfbundle; includeInIndex = 0; path = Test_AppTests.xctest; sourceTree = BUILT_PRODUCTS_DIR; };
		E482F8D42750DD5A00E8F40B /* Test_AppTests.swift */ = {isa = PBXFileReference; lastKnownFileType = sourcecode.swift; path = Test_AppTests.swift; sourceTree = "<group>"; };
		E482F8DA2750DD5A00E8F40B /* Test_AppUITests.xctest */ = {isa = PBXFileReference; explicitFileType = wrapper.cfbundle; includeInIndex = 0; path = Test_AppUITests.xctest; sourceTree = BUILT_PRODUCTS_DIR; };
		E482F8DE2750DD5A00E8F40B /* Test_AppUITests.swift */ = {isa = PBXFileReference; lastKnownFileType = sourcecode.swift; path = Test_AppUITests.swift; sourceTree = "<group>"; };
		E482F8E02750DD5A00E8F40B /* Test_AppUITestsLaunchTests.swift */ = {isa = PBXFileReference; lastKnownFileType = sourcecode.swift; path = Test_AppUITestsLaunchTests.swift; sourceTree = "<group>"; };
/* End PBXFileReference section */

/* Begin PBXFrameworksBuildPhase section */
		E482F8BB2750DD5700E8F40B /* Frameworks */ = {
			isa = PBXFrameworksBuildPhase;
			buildActionMask = 2147483647;
			files = (
			);
			runOnlyForDeploymentPostprocessing = 0;
		};
		E482F8CD2750DD5A00E8F40B /* Frameworks */ = {
			isa = PBXFrameworksBuildPhase;
			buildActionMask = 2147483647;
			files = (
			);
			runOnlyForDeploymentPostprocessing = 0;
		};
		E482F8D72750DD5A00E8F40B /* Frameworks */ = {
			isa = PBXFrameworksBuildPhase;
			buildActionMask = 2147483647;
			files = (
			);
			runOnlyForDeploymentPostprocessing = 0;
		};
/* End PBXFrameworksBuildPhase section */

/* Begin PBXGroup section */
		E482F8B52750DD5700E8F40B = {
			isa = PBXGroup;
			children = (
				E482F8C02750DD5700E8F40B /* Test_App */,
				E482F8D32750DD5A00E8F40B /* Test_AppTests */,
				E482F8DD2750DD5A00E8F40B /* Test_AppUITests */,
				E482F8BF2750DD5700E8F40B /* Products */,
			);
			sourceTree = "<group>";
		};
		E482F8BF2750DD5700E8F40B /* Products */ = {
			isa = PBXGroup;
			children = (
				E482F8BE2750DD5700E8F40B /* Test_App.app */,
				E482F8D02750DD5A00E8F40B /* Test_AppTests.xctest */,
				E482F8DA2750DD5A00E8F40B /* Test_AppUITests.xctest */,
			);
			name = Products;
			sourceTree = "<group>";
		};
		E482F8C02750DD5700E8F40B /* Test_App */ = {
			isa = PBXGroup;
			children = (
				E482F8C12750DD5800E8F40B /* AppDelegate.swift */,
				E482F8C32750DD5800E8F40B /* ContentView.swift */,
				E482F8C52750DD5800E8F40B /* Experience.rcproject */,
				E482F8C72750DD5A00E8F40B /* Assets.xcassets */,
				E482F8C92750DD5A00E8F40B /* Preview Content */,
			);
			path = Test_App;
			sourceTree = "<group>";
		};
		E482F8C92750DD5A00E8F40B /* Preview Content */ = {
			isa = PBXGroup;
			children = (
				E482F8CA2750DD5A00E8F40B /* Preview Assets.xcassets */,
			);
			path = "Preview Content";
			sourceTree = "<group>";
		};
		E482F8D32750DD5A00E8F40B /* Test_AppTests */ = {
			isa = PBXGroup;
			children = (
				E482F8D42750DD5A00E8F40B /* Test_AppTests.swift */,
			);
			path = Test_AppTests;
			sourceTree = "<group>";
		};
		E482F8DD2750DD5A00E8F40B /* Test_AppUITests */ = {
			isa = PBXGroup;
			children = (
				E482F8DE2750DD5A00E8F40B /* Test_AppUITests.swift */,
				E482F8E02750DD5A00E8F40B /* Test_AppUITestsLaunchTests.swift */,
			);
			path = Test_AppUITests;
			sourceTree = "<group>";
		};
/* End PBXGroup section */

/* Begin PBXNativeTarget section */
		E482F8BD2750DD5700E8F40B /* Test_App */ = {
			isa = PBXNativeTarget;
			buildConfigurationList = E482F8E42750DD5A00E8F40B /* Build configuration list for PBXNativeTarget "Test_App" */;
			buildPhases = (
				E482F8BA2750DD5700E8F40B /* Sources */,
				E482F8BB2750DD5700E8F40B /* Frameworks */,
				E482F8BC2750DD5700E8F40B /* Resources */,
			);
			buildRules = (
			);
			dependencies = (
			);
			name = Test_App;
			productName = Test_App;
			productReference = E482F8BE2750DD5700E8F40B /* Test_App.app */;
			productType = "com.apple.product-type.application";
		};
		E482F8CF2750DD5A00E8F40B /* Test_AppTests */ = {
			isa = PBXNativeTarget;
			buildConfigurationList = E482F8E72750DD5A00E8F40B /* Build configuration list for PBXNativeTarget "Test_AppTests" */;
			buildPhases = (
				E482F8CC2750DD5A00E8F40B /* Sources */,
				E482F8CD2750DD5A00E8F40B /* Frameworks */,
				E482F8CE2750DD5A00E8F40B /* Resources */,
			);
			buildRules = (
			);
			dependencies = (
				E482F8D22750DD5A00E8F40B /* PBXTargetDependency */,
			);
			name = Test_AppTests;
			productName = Test_AppTests;
			productReference = E482F8D02750DD5A00E8F40B /* Test_AppTests.xctest */;
			productType = "com.apple.product-type.bundle.unit-test";
		};
		E482F8D92750DD5A00E8F40B /* Test_AppUITests */ = {
			isa = PBXNativeTarget;
			buildConfigurationList = E482F8EA2750DD5A00E8F40B /* Build configuration list for PBXNativeTarget "Test_AppUITests" */;
			buildPhases = (
				E482F8D62750DD5A00E8F40B /* Sources */,
				E482F8D72750DD5A00E8F40B /* Frameworks */,
				E482F8D82750DD5A00E8F40B /* Resources */,
			);
			buildRules = (
			);
			dependencies = (
				E482F8DC2750DD5A00E8F40B /* PBXTargetDependency */,
			);
			name = Test_AppUITests;
			productName = Test_AppUITests;
			productReference = E482F8DA2750DD5A00E8F40B /* Test_AppUITests.xctest */;
			productType = "com.apple.product-type.bundle.ui-testing";
		};
/* End PBXNativeTarget section */

/* Begin PBXProject section */
		E482F8B62750DD5700E8F40B /* Project object */ = {
			isa = PBXProject;
			attributes = {
				BuildIndependentTargetsInParallel = 1;
				LastSwiftUpdateCheck = 1310;
				LastUpgradeCheck = 1310;
				TargetAttributes = {
					E482F8BD2750DD5700E8F40B = {
						CreatedOnToolsVersion = 13.1;
					};
					E482F8CF2750DD5A00E8F40B = {
						CreatedOnToolsVersion = 13.1;
						TestTargetID = E482F8BD2750DD5700E8F40B;
					};
					E482F8D92750DD5A00E8F40B = {
						CreatedOnToolsVersion = 13.1;
						TestTargetID = E482F8BD2750DD5700E8F40B;
					};
				};
			};
			buildConfigurationList = E482F8B92750DD5700E8F40B /* Build configuration list for PBXProject "Test_App" */;
			compatibilityVersion = "Xcode 13.0";
			developmentRegion = en;
			hasScannedForEncodings = 0;
			knownRegions = (
				en,
				Base,
			);
			mainGroup = E482F8B52750DD5700E8F40B;
			productRefGroup = E482F8BF2750DD5700E8F40B /* Products */;
			projectDirPath = "";
			projectRoot = "";
			targets = (
				E482F8BD2750DD5700E8F40B /* Test_App */,
				E482F8CF2750DD5A00E8F40B /* Test_AppTests */,
				E482F8D92750DD5A00E8F40B /* Test_AppUITests */,
			);
		};
/* End PBXProject section */

/* Begin PBXResourcesBuildPhase section */
		E482F8BC2750DD5700E8F40B /* Resources */ = {
			isa = PBXResourcesBuildPhase;
			buildActionMask = 2147483647;
			files = (
				E482F8CB2750DD5A00E8F40B /* Preview Assets.xcassets in Resources */,
				E482F8C82750DD5A00E8F40B /* Assets.xcassets in Resources */,
			);
			runOnlyForDeploymentPostprocessing = 0;
		};
		E482F8CE2750DD5A00E8F40B /* Resources */ = {
			isa = PBXResourcesBuildPhase;
			buildActionMask = 2147483647;
			files = (
			);
			runOnlyForDeploymentPostprocessing = 0;
		};
		E482F8D82750DD5A00E8F40B /* Resources */ = {
			isa = PBXResourcesBuildPhase;
			buildActionMask = 2147483647;
			files = (
			);
			runOnlyForDeploymentPostprocessing = 0;
		};
/* End PBXResourcesBuildPhase section */

/* Begin PBXSourcesBuildPhase section */
		E482F8BA2750DD5700E8F40B /* Sources */ = {
			isa = PBXSourcesBuildPhase;
			buildActionMask = 2147483647;
			files = (
				E482F8C42750DD5800E8F40B /* ContentView.swift in Sources */,
				E482F8C22750DD5800E8F40B /* AppDelegate.swift in Sources */,
				E482F8C62750DD5800E8F40B /* Experience.rcproject in Sources */,
			);
			runOnlyForDeploymentPostprocessing = 0;
		};
		E482F8CC2750DD5A00E8F40B /* Sources */ = {
			isa = PBXSourcesBuildPhase;
			buildActionMask = 2147483647;
			files = (
				E482F8D52750DD5A00E8F40B /* Test_AppTests.swift in Sources */,
			);
			runOnlyForDeploymentPostprocessing = 0;
		};
		E482F8D62750DD5A00E8F40B /* Sources */ = {
			isa = PBXSourcesBuildPhase;
			buildActionMask = 2147483647;
			files = (
				E482F8E12750DD5A00E8F40B /* Test_AppUITestsLaunchTests.swift in Sources */,
				E482F8DF2750DD5A00E8F40B /* Test_AppUITests.swift in Sources */,
			);
			runOnlyForDeploymentPostprocessing = 0;
		};
/* End PBXSourcesBuildPhase section */

/* Begin PBXTargetDependency section */
		E482F8D22750DD5A00E8F40B /* PBXTargetDependency */ = {
			isa = PBXTargetDependency;
			target = E482F8BD2750DD5700E8F40B /* Test_App */;
			targetProxy = E482F8D12750DD5A00E8F40B /* PBXContainerItemProxy */;
		};
		E482F8DC2750DD5A00E8F40B /* PBXTargetDependency */ = {
			isa = PBXTargetDependency;
			target = E482F8BD2750DD5700E8F40B /* Test_App */;
			targetProxy = E482F8DB2750DD5A00E8F40B /* PBXContainerItemProxy */;
		};
/* End PBXTargetDependency section */

/* Begin XCBuildConfiguration section */
		E482F8E22750DD5A00E8F40B /* Debug */ = {
			isa = XCBuildConfiguration;
			buildSettings = {
				ALWAYS_SEARCH_USER_PATHS = NO;
				CLANG_ANALYZER_NONNULL = YES;
				CLANG_ANALYZER_NUMBER_OBJECT_CONVERSION = YES_AGGRESSIVE;
				CLANG_CXX_LANGUAGE_STANDARD = "gnu++17";
				CLANG_CXX_LIBRARY = "libc++";
				CLANG_ENABLE_MODULES = YES;
				CLANG_ENABLE_OBJC_ARC = YES;
				CLANG_ENABLE_OBJC_WEAK = YES;
				CLANG_WARN_BLOCK_CAPTURE_AUTORELEASING = YES;
				CLANG_WARN_BOOL_CONVERSION = YES;
				CLANG_WARN_COMMA = YES;
				CLANG_WARN_CONSTANT_CONVERSION = YES;
				CLANG_WARN_DEPRECATED_OBJC_IMPLEMENTATIONS = YES;
				CLANG_WARN_DIRECT_OBJC_ISA_USAGE = YES_ERROR;
				CLANG_WARN_DOCUMENTATION_COMMENTS = YES;
				CLANG_WARN_EMPTY_BODY = YES;
				CLANG_WARN_ENUM_CONVERSION = YES;
				CLANG_WARN_INFINITE_RECURSION = YES;
				CLANG_WARN_INT_CONVERSION = YES;
				CLANG_WARN_NON_LITERAL_NULL_CONVERSION = YES;
				CLANG_WARN_OBJC_IMPLICIT_RETAIN_SELF = YES;
				CLANG_WARN_OBJC_LITERAL_CONVERSION = YES;
				CLANG_WARN_OBJC_ROOT_CLASS = YES_ERROR;
				CLANG_WARN_QUOTED_INCLUDE_IN_FRAMEWORK_HEADER = YES;
				CLANG_WARN_RANGE_LOOP_ANALYSIS = YES;
				CLANG_WARN_STRICT_PROTOTYPES = YES;
				CLANG_WARN_SUSPICIOUS_MOVE = YES;
				CLANG_WARN_UNGUARDED_AVAILABILITY = YES_AGGRESSIVE;
				CLANG_WARN_UNREACHABLE_CODE = YES;
				CLANG_WARN__DUPLICATE_METHOD_MATCH = YES;
				COPY_PHASE_STRIP = NO;
				DEBUG_INFORMATION_FORMAT = dwarf;
				ENABLE_STRICT_OBJC_MSGSEND = YES;
				ENABLE_TESTABILITY = YES;
				GCC_C_LANGUAGE_STANDARD = gnu11;
				GCC_DYNAMIC_NO_PIC = NO;
				GCC_NO_COMMON_BLOCKS = YES;
				GCC_OPTIMIZATION_LEVEL = 0;
				GCC_PREPROCESSOR_DEFINITIONS = (
					"DEBUG=1",
					"$(inherited)",
				);
				GCC_WARN_64_TO_32_BIT_CONVERSION = YES;
				GCC_WARN_ABOUT_RETURN_TYPE = YES_ERROR;
				GCC_WARN_UNDECLARED_SELECTOR = YES;
				GCC_WARN_UNINITIALIZED_AUTOS = YES_AGGRESSIVE;
				GCC_WARN_UNUSED_FUNCTION = YES;
				GCC_WARN_UNUSED_VARIABLE = YES;
				IPHONEOS_DEPLOYMENT_TARGET = 15.0;
				MTL_ENABLE_DEBUG_INFO = INCLUDE_SOURCE;
				MTL_FAST_MATH = YES;
				ONLY_ACTIVE_ARCH = YES;
				SDKROOT = iphoneos;
				SWIFT_ACTIVE_COMPILATION_CONDITIONS = DEBUG;
				SWIFT_OPTIMIZATION_LEVEL = "-Onone";
			};
			name = Debug;
		};
		E482F8E32750DD5A00E8F40B /* Release */ = {
			isa = XCBuildConfiguration;
			buildSettings = {
				ALWAYS_SEARCH_USER_PATHS = NO;
				CLANG_ANALYZER_NONNULL = YES;
				CLANG_ANALYZER_NUMBER_OBJECT_CONVERSION = YES_AGGRESSIVE;
				CLANG_CXX_LANGUAGE_STANDARD = "gnu++17";
				CLANG_CXX_LIBRARY = "libc++";
				CLANG_ENABLE_MODULES = YES;
				CLANG_ENABLE_OBJC_ARC = YES;
				CLANG_ENABLE_OBJC_WEAK = YES;
				CLANG_WARN_BLOCK_CAPTURE_AUTORELEASING = YES;
				CLANG_WARN_BOOL_CONVERSION = YES;
				CLANG_WARN_COMMA = YES;
				CLANG_WARN_CONSTANT_CONVERSION = YES;
				CLANG_WARN_DEPRECATED_OBJC_IMPLEMENTATIONS = YES;
				CLANG_WARN_DIRECT_OBJC_ISA_USAGE = YES_ERROR;
				CLANG_WARN_DOCUMENTATION_COMMENTS = YES;
				CLANG_WARN_EMPTY_BODY = YES;
				CLANG_WARN_ENUM_CONVERSION = YES;
				CLANG_WARN_INFINITE_RECURSION = YES;
				CLANG_WARN_INT_CONVERSION = YES;
				CLANG_WARN_NON_LITERAL_NULL_CONVERSION = YES;
				CLANG_WARN_OBJC_IMPLICIT_RETAIN_SELF = YES;
				CLANG_WARN_OBJC_LITERAL_CONVERSION = YES;
				CLANG_WARN_OBJC_ROOT_CLASS = YES_ERROR;
				CLANG_WARN_QUOTED_INCLUDE_IN_FRAMEWORK_HEADER = YES;
				CLANG_WARN_RANGE_LOOP_ANALYSIS = YES;
				CLANG_WARN_STRICT_PROTOTYPES = YES;
				CLANG_WARN_SUSPICIOUS_MOVE = YES;
				CLANG_WARN_UNGUARDED_AVAILABILITY = YES_AGGRESSIVE;
				CLANG_WARN_UNREACHABLE_CODE = YES;
				CLANG_WARN__DUPLICATE_METHOD_MATCH = YES;
				COPY_PHASE_STRIP = NO;
				DEBUG_INFORMATION_FORMAT = "dwarf-with-dsym";
				ENABLE_NS_ASSERTIONS = NO;
				ENABLE_STRICT_OBJC_MSGSEND = YES;
				GCC_C_LANGUAGE_STANDARD = gnu11;
				GCC_NO_COMMON_BLOCKS = YES;
				GCC_WARN_64_TO_32_BIT_CONVERSION = YES;
				GCC_WARN_ABOUT_RETURN_TYPE = YES_ERROR;
				GCC_WARN_UNDECLARED_SELECTOR = YES;
				GCC_WARN_UNINITIALIZED_AUTOS = YES_AGGRESSIVE;
				GCC_WARN_UNUSED_FUNCTION = YES;
				GCC_WARN_UNUSED_VARIABLE = YES;
				IPHONEOS_DEPLOYMENT_TARGET = 15.0;
				MTL_ENABLE_DEBUG_INFO = NO;
				MTL_FAST_MATH = YES;
				SDKROOT = iphoneos;
				SWIFT_COMPILATION_MODE = wholemodule;
				SWIFT_OPTIMIZATION_LEVEL = "-O";
				VALIDATE_PRODUCT = YES;
			};
			name = Release;
		};
		E482F8E52750DD5A00E8F40B /* Debug */ = {
			isa = XCBuildConfiguration;
			buildSettings = {
				ASSETCATALOG_COMPILER_APPICON_NAME = AppIcon;
				ASSETCATALOG_COMPILER_GLOBAL_ACCENT_COLOR_NAME = AccentColor;
				CODE_SIGN_STYLE = Automatic;
				CURRENT_PROJECT_VERSION = 1;
				DEVELOPMENT_ASSET_PATHS = "\"Test_App/Preview Content\"";
				ENABLE_PREVIEWS = YES;
				GENERATE_INFOPLIST_FILE = YES;
				INFOPLIST_KEY_NSCameraUsageDescription = "";
				INFOPLIST_KEY_UIApplicationSupportsIndirectInputEvents = YES;
				INFOPLIST_KEY_UILaunchScreen_Generation = YES;
				INFOPLIST_KEY_UIRequiredDeviceCapabilities = arkit;
				INFOPLIST_KEY_UIStatusBarHidden = YES;
				INFOPLIST_KEY_UISupportedInterfaceOrientations_iPad = "UIInterfaceOrientationPortrait UIInterfaceOrientationPortraitUpsideDown UIInterfaceOrientationLandscapeLeft UIInterfaceOrientationLandscapeRight";
				INFOPLIST_KEY_UISupportedInterfaceOrientations_iPhone = "UIInterfaceOrientationPortrait UIInterfaceOrientationLandscapeLeft UIInterfaceOrientationLandscapeRight";
				LD_RUNPATH_SEARCH_PATHS = (
					"$(inherited)",
					"@executable_path/Frameworks",
				);
				MARKETING_VERSION = 1.0;
				PRODUCT_BUNDLE_IDENTIFIER = "Semesterprojekt.Test-App";
				PRODUCT_NAME = "$(TARGET_NAME)";
				SWIFT_EMIT_LOC_STRINGS = YES;
				SWIFT_VERSION = 5.0;
				TARGETED_DEVICE_FAMILY = "1,2";
			};
			name = Debug;
		};
		E482F8E62750DD5A00E8F40B /* Release */ = {
			isa = XCBuildConfiguration;
			buildSettings = {
				ASSETCATALOG_COMPILER_APPICON_NAME = AppIcon;
				ASSETCATALOG_COMPILER_GLOBAL_ACCENT_COLOR_NAME = AccentColor;
				CODE_SIGN_STYLE = Automatic;
				CURRENT_PROJECT_VERSION = 1;
				DEVELOPMENT_ASSET_PATHS = "\"Test_App/Preview Content\"";
				ENABLE_PREVIEWS = YES;
				GENERATE_INFOPLIST_FILE = YES;
				INFOPLIST_KEY_NSCameraUsageDescription = "";
				INFOPLIST_KEY_UIApplicationSupportsIndirectInputEvents = YES;
				INFOPLIST_KEY_UILaunchScreen_Generation = YES;
				INFOPLIST_KEY_UIRequiredDeviceCapabilities = arkit;
				INFOPLIST_KEY_UIStatusBarHidden = YES;
				INFOPLIST_KEY_UISupportedInterfaceOrientations_iPad = "UIInterfaceOrientationPortrait UIInterfaceOrientationPortraitUpsideDown UIInterfaceOrientationLandscapeLeft UIInterfaceOrientationLandscapeRight";
				INFOPLIST_KEY_UISupportedInterfaceOrientations_iPhone = "UIInterfaceOrientationPortrait UIInterfaceOrientationLandscapeLeft UIInterfaceOrientationLandscapeRight";
				LD_RUNPATH_SEARCH_PATHS = (
					"$(inherited)",
					"@executable_path/Frameworks",
				);
				MARKETING_VERSION = 1.0;
				PRODUCT_BUNDLE_IDENTIFIER = "Semesterprojekt.Test-App";
				PRODUCT_NAME = "$(TARGET_NAME)";
				SWIFT_EMIT_LOC_STRINGS = YES;
				SWIFT_VERSION = 5.0;
				TARGETED_DEVICE_FAMILY = "1,2";
			};
			name = Release;
		};
		E482F8E82750DD5A00E8F40B /* Debug */ = {
			isa = XCBuildConfiguration;
			buildSettings = {
				ALWAYS_EMBED_SWIFT_STANDARD_LIBRARIES = YES;
				BUNDLE_LOADER = "$(TEST_HOST)";
				CODE_SIGN_STYLE = Automatic;
				CURRENT_PROJECT_VERSION = 1;
				GENERATE_INFOPLIST_FILE = YES;
				IPHONEOS_DEPLOYMENT_TARGET = 15.0;
				LD_RUNPATH_SEARCH_PATHS = (
					"$(inherited)",
					"@executable_path/Frameworks",
					"@loader_path/Frameworks",
				);
				MARKETING_VERSION = 1.0;
				PRODUCT_BUNDLE_IDENTIFIER = "Semesterprojekt.Test-AppTests";
				PRODUCT_NAME = "$(TARGET_NAME)";
				SWIFT_EMIT_LOC_STRINGS = NO;
				SWIFT_VERSION = 5.0;
				TARGETED_DEVICE_FAMILY = "1,2";
				TEST_HOST = "$(BUILT_PRODUCTS_DIR)/Test_App.app/Test_App";
			};
			name = Debug;
		};
		E482F8E92750DD5A00E8F40B /* Release */ = {
			isa = XCBuildConfiguration;
			buildSettings = {
				ALWAYS_EMBED_SWIFT_STANDARD_LIBRARIES = YES;
				BUNDLE_LOADER = "$(TEST_HOST)";
				CODE_SIGN_STYLE = Automatic;
				CURRENT_PROJECT_VERSION = 1;
				GENERATE_INFOPLIST_FILE = YES;
				IPHONEOS_DEPLOYMENT_TARGET = 15.0;
				LD_RUNPATH_SEARCH_PATHS = (
					"$(inherited)",
					"@executable_path/Frameworks",
					"@loader_path/Frameworks",
				);
				MARKETING_VERSION = 1.0;
				PRODUCT_BUNDLE_IDENTIFIER = "Semesterprojekt.Test-AppTests";
				PRODUCT_NAME = "$(TARGET_NAME)";
				SWIFT_EMIT_LOC_STRINGS = NO;
				SWIFT_VERSION = 5.0;
				TARGETED_DEVICE_FAMILY = "1,2";
				TEST_HOST = "$(BUILT_PRODUCTS_DIR)/Test_App.app/Test_App";
			};
			name = Release;
		};
		E482F8EB2750DD5A00E8F40B /* Debug */ = {
			isa = XCBuildConfiguration;
			buildSettings = {
				ALWAYS_EMBED_SWIFT_STANDARD_LIBRARIES = YES;
				CODE_SIGN_STYLE = Automatic;
				CURRENT_PROJECT_VERSION = 1;
				GENERATE_INFOPLIST_FILE = YES;
				LD_RUNPATH_SEARCH_PATHS = (
					"$(inherited)",
					"@executable_path/Frameworks",
					"@loader_path/Frameworks",
				);
				MARKETING_VERSION = 1.0;
				PRODUCT_BUNDLE_IDENTIFIER = "Semesterprojekt.Test-AppUITests";
				PRODUCT_NAME = "$(TARGET_NAME)";
				SWIFT_EMIT_LOC_STRINGS = NO;
				SWIFT_VERSION = 5.0;
				TARGETED_DEVICE_FAMILY = "1,2";
				TEST_TARGET_NAME = Test_App;
			};
			name = Debug;
		};
		E482F8EC2750DD5A00E8F40B /* Release */ = {
			isa = XCBuildConfiguration;
			buildSettings = {
				ALWAYS_EMBED_SWIFT_STANDARD_LIBRARIES = YES;
				CODE_SIGN_STYLE = Automatic;
				CURRENT_PROJECT_VERSION = 1;
				GENERATE_INFOPLIST_FILE = YES;
				LD_RUNPATH_SEARCH_PATHS = (
					"$(inherited)",
					"@executable_path/Frameworks",
					"@loader_path/Frameworks",
				);
				MARKETING_VERSION = 1.0;
				PRODUCT_BUNDLE_IDENTIFIER = "Semesterprojekt.Test-AppUITests";
				PRODUCT_NAME = "$(TARGET_NAME)";
				SWIFT_EMIT_LOC_STRINGS = NO;
				SWIFT_VERSION = 5.0;
				TARGETED_DEVICE_FAMILY = "1,2";
				TEST_TARGET_NAME = Test_App;
			};
			name = Release;
		};
/* End XCBuildConfiguration section */

/* Begin XCConfigurationList section */
		E482F8B92750DD5700E8F40B /* Build configuration list for PBXProject "Test_App" */ = {
			isa = XCConfigurationList;
			buildConfigurations = (
				E482F8E22750DD5A00E8F40B /* Debug */,
				E482F8E32750DD5A00E8F40B /* Release */,
			);
			defaultConfigurationIsVisible = 0;
			defaultConfigurationName = Release;
		};
		E482F8E42750DD5A00E8F40B /* Build configuration list for PBXNativeTarget "Test_App" */ = {
			isa = XCConfigurationList;
			buildConfigurations = (
				E482F8E52750DD5A00E8F40B /* Debug */,
				E482F8E62750DD5A00E8F40B /* Release */,
			);
			defaultConfigurationIsVisible = 0;
			defaultConfigurationName = Release;
		};
		E482F8E72750DD5A00E8F40B /* Build configuration list for PBXNativeTarget "Test_AppTests" */ = {
			isa = XCConfigurationList;
			buildConfigurations = (
				E482F8E82750DD5A00E8F40B /* Debug */,
				E482F8E92750DD5A00E8F40B /* Release */,
			);
			defaultConfigurationIsVisible = 0;
			defaultConfigurationName = Release;
		};
		E482F8EA2750DD5A00E8F40B /* Build configuration list for PBXNativeTarget "Test_AppUITests" */ = {
			isa = XCConfigurationList;
			buildConfigurations = (
				E482F8EB2750DD5A00E8F40B /* Debug */,
				E482F8EC2750DD5A00E8F40B /* Release */,
			);
			defaultConfigurationIsVisible = 0;
			defaultConfigurationName = Release;
		};
/* End XCConfigurationList section */
	};
	rootObject = E482F8B62750DD5700E8F40B /* Project object */;
}
